{
  "name": "write-scoped-job-tools-fixture",
  "version": "0.0.0",
  "lockfileVersion": 3,
  "requires": true,
  "packages": {
    "": {
      "name": "write-scoped-job-tools-fixture",
      "version": "0.0.0",
      "devDependencies": {
        "locked-tool": "1.0.0"
      }
    },
    "node_modules/locked-tool": {
      "version": "1.0.0",
      "resolved": "https://registry.npmjs.org/locked-tool/-/locked-tool-1.0.0.tgz",
      "integrity": "sha512-AAAAAAAAAAAAAAAAAAAAAAAAAAAAAAAAAAAAAAAAAAAAAAAAAAAAAAAAAAAAAAAAAAAAAAAAAAAAAAAAAAAAAAAAAAAAAA==",
      "dev": true,
      "bin": {
        "locked-bin": "bin/cli.js"
      }
    }
  }
}
